{
  "object": {
    "pins": [
      {
        "package": "combustion-ios-ble",
        "repositoryURL": "https://github.com/combustion-inc/combustion-ios-ble",
        "state": {
          "branch": null,
          "revision": "064f94fcf97f8b30d1b240664b1abc69cdded65f",
          "version": "0.7.3"
        }
      },
      {
        "package": "swift-collections",
        "repositoryURL": "https://github.com/apple/swift-collections",
        "state": {
          "branch": null,
          "revision": "48254824bb4248676bf7ce56014ff57b142b77eb",
          "version": "1.0.2"
        }
      }
    ]
  },
  "version": 1
}
