{
  "pins" : [
    {
      "identity" : "combustion-ios-ble",
      "kind" : "remoteSourceControl",
      "location" : "https://github.com/combustion-inc/combustion-ios-ble",
      "state" : {
        "branch" : "hotfix/battery_status",
        "revision" : "68df5b6ca28f7b4ae736614ed5bacc22107d86e7"
      }
    },
    {
      "identity" : "swift-collections",
      "kind" : "remoteSourceControl",
      "location" : "https://github.com/apple/swift-collections",
      "state" : {
        "revision" : "48254824bb4248676bf7ce56014ff57b142b77eb",
        "version" : "1.0.2"
      }
    }
  ],
  "version" : 2
}
